// !$*UTF8*$!
{
	archiveVersion = 1;
	classes = {
	};
	objectVersion = 46;
	objects = {

/* Begin PBXBuildFile section */
		A822A0101E26A0A200CE23B4 /* AppDelegate.swift in Sources */ = {isa = PBXBuildFile; fileRef = A822A00F1E26A0A200CE23B4 /* AppDelegate.swift */; };
		A822A0121E26A0A200CE23B4 /* ViewController.swift in Sources */ = {isa = PBXBuildFile; fileRef = A822A0111E26A0A200CE23B4 /* ViewController.swift */; };
		A822A0151E26A0A200CE23B4 /* Main.storyboard in Resources */ = {isa = PBXBuildFile; fileRef = A822A0131E26A0A200CE23B4 /* Main.storyboard */; };
		A822A0171E26A0A200CE23B4 /* Assets.xcassets in Resources */ = {isa = PBXBuildFile; fileRef = A822A0161E26A0A200CE23B4 /* Assets.xcassets */; };
		A822A01A1E26A0A200CE23B4 /* LaunchScreen.storyboard in Resources */ = {isa = PBXBuildFile; fileRef = A822A0181E26A0A200CE23B4 /* LaunchScreen.storyboard */; };
		A822A0251E26A0A200CE23B4 /* RutgersSustainabilityTests.swift in Sources */ = {isa = PBXBuildFile; fileRef = A822A0241E26A0A200CE23B4 /* RutgersSustainabilityTests.swift */; };
		A822A0301E26A0A200CE23B4 /* RutgersSustainabilityUITests.swift in Sources */ = {isa = PBXBuildFile; fileRef = A822A02F1E26A0A200CE23B4 /* RutgersSustainabilityUITests.swift */; };
/* End PBXBuildFile section */

/* Begin PBXContainerItemProxy section */
		A822A0211E26A0A200CE23B4 /* PBXContainerItemProxy */ = {
			isa = PBXContainerItemProxy;
			containerPortal = A822A0041E26A0A100CE23B4 /* Project object */;
			proxyType = 1;
			remoteGlobalIDString = A822A00B1E26A0A100CE23B4;
			remoteInfo = RutgersSustainability;
		};
		A822A02C1E26A0A200CE23B4 /* PBXContainerItemProxy */ = {
			isa = PBXContainerItemProxy;
			containerPortal = A822A0041E26A0A100CE23B4 /* Project object */;
			proxyType = 1;
			remoteGlobalIDString = A822A00B1E26A0A100CE23B4;
			remoteInfo = RutgersSustainability;
		};
/* End PBXContainerItemProxy section */

/* Begin PBXFileReference section */
		A822A00C1E26A0A200CE23B4 /* RutgersSustainability.app */ = {isa = PBXFileReference; explicitFileType = wrapper.application; includeInIndex = 0; path = RutgersSustainability.app; sourceTree = BUILT_PRODUCTS_DIR; };
		A822A00F1E26A0A200CE23B4 /* AppDelegate.swift */ = {isa = PBXFileReference; lastKnownFileType = sourcecode.swift; path = AppDelegate.swift; sourceTree = "<group>"; };
		A822A0111E26A0A200CE23B4 /* ViewController.swift */ = {isa = PBXFileReference; lastKnownFileType = sourcecode.swift; path = ViewController.swift; sourceTree = "<group>"; };
		A822A0141E26A0A200CE23B4 /* Base */ = {isa = PBXFileReference; lastKnownFileType = file.storyboard; name = Base; path = Base.lproj/Main.storyboard; sourceTree = "<group>"; };
		A822A0161E26A0A200CE23B4 /* Assets.xcassets */ = {isa = PBXFileReference; lastKnownFileType = folder.assetcatalog; path = Assets.xcassets; sourceTree = "<group>"; };
		A822A0191E26A0A200CE23B4 /* Base */ = {isa = PBXFileReference; lastKnownFileType = file.storyboard; name = Base; path = Base.lproj/LaunchScreen.storyboard; sourceTree = "<group>"; };
		A822A01B1E26A0A200CE23B4 /* Info.plist */ = {isa = PBXFileReference; lastKnownFileType = text.plist.xml; path = Info.plist; sourceTree = "<group>"; };
		A822A0201E26A0A200CE23B4 /* RutgersSustainabilityTests.xctest */ = {isa = PBXFileReference; explicitFileType = wrapper.cfbundle; includeInIndex = 0; path = RutgersSustainabilityTests.xctest; sourceTree = BUILT_PRODUCTS_DIR; };
		A822A0241E26A0A200CE23B4 /* RutgersSustainabilityTests.swift */ = {isa = PBXFileReference; lastKnownFileType = sourcecode.swift; path = RutgersSustainabilityTests.swift; sourceTree = "<group>"; };
		A822A0261E26A0A200CE23B4 /* Info.plist */ = {isa = PBXFileReference; lastKnownFileType = text.plist.xml; path = Info.plist; sourceTree = "<group>"; };
		A822A02B1E26A0A200CE23B4 /* RutgersSustainabilityUITests.xctest */ = {isa = PBXFileReference; explicitFileType = wrapper.cfbundle; includeInIndex = 0; path = RutgersSustainabilityUITests.xctest; sourceTree = BUILT_PRODUCTS_DIR; };
		A822A02F1E26A0A200CE23B4 /* RutgersSustainabilityUITests.swift */ = {isa = PBXFileReference; lastKnownFileType = sourcecode.swift; path = RutgersSustainabilityUITests.swift; sourceTree = "<group>"; };
		A822A0311E26A0A200CE23B4 /* Info.plist */ = {isa = PBXFileReference; lastKnownFileType = text.plist.xml; path = Info.plist; sourceTree = "<group>"; };
/* End PBXFileReference section */

/* Begin PBXFrameworksBuildPhase section */
		A822A0091E26A0A100CE23B4 /* Frameworks */ = {
			isa = PBXFrameworksBuildPhase;
			buildActionMask = 2147483647;
			files = (
			);
			runOnlyForDeploymentPostprocessing = 0;
		};
		A822A01D1E26A0A200CE23B4 /* Frameworks */ = {
			isa = PBXFrameworksBuildPhase;
			buildActionMask = 2147483647;
			files = (
			);
			runOnlyForDeploymentPostprocessing = 0;
		};
		A822A0281E26A0A200CE23B4 /* Frameworks */ = {
			isa = PBXFrameworksBuildPhase;
			buildActionMask = 2147483647;
			files = (
			);
			runOnlyForDeploymentPostprocessing = 0;
		};
/* End PBXFrameworksBuildPhase section */

/* Begin PBXGroup section */
		A822A0031E26A0A100CE23B4 = {
			isa = PBXGroup;
			children = (
				A822A00E1E26A0A200CE23B4 /* RutgersSustainability */,
				A822A0231E26A0A200CE23B4 /* RutgersSustainabilityTests */,
				A822A02E1E26A0A200CE23B4 /* RutgersSustainabilityUITests */,
				A822A00D1E26A0A200CE23B4 /* Products */,
			);
			sourceTree = "<group>";
		};
		A822A00D1E26A0A200CE23B4 /* Products */ = {
			isa = PBXGroup;
			children = (
				A822A00C1E26A0A200CE23B4 /* RutgersSustainability.app */,
				A822A0201E26A0A200CE23B4 /* RutgersSustainabilityTests.xctest */,
				A822A02B1E26A0A200CE23B4 /* RutgersSustainabilityUITests.xctest */,
			);
			name = Products;
			sourceTree = "<group>";
		};
		A822A00E1E26A0A200CE23B4 /* RutgersSustainability */ = {
			isa = PBXGroup;
			children = (
				A822A00F1E26A0A200CE23B4 /* AppDelegate.swift */,
				A822A0111E26A0A200CE23B4 /* ViewController.swift */,
				A822A0131E26A0A200CE23B4 /* Main.storyboard */,
				A822A0161E26A0A200CE23B4 /* Assets.xcassets */,
				A822A0181E26A0A200CE23B4 /* LaunchScreen.storyboard */,
				A822A01B1E26A0A200CE23B4 /* Info.plist */,
			);
			path = RutgersSustainability;
			sourceTree = "<group>";
		};
		A822A0231E26A0A200CE23B4 /* RutgersSustainabilityTests */ = {
			isa = PBXGroup;
			children = (
				A822A0241E26A0A200CE23B4 /* RutgersSustainabilityTests.swift */,
				A822A0261E26A0A200CE23B4 /* Info.plist */,
			);
			path = RutgersSustainabilityTests;
			sourceTree = "<group>";
		};
		A822A02E1E26A0A200CE23B4 /* RutgersSustainabilityUITests */ = {
			isa = PBXGroup;
			children = (
				A822A02F1E26A0A200CE23B4 /* RutgersSustainabilityUITests.swift */,
				A822A0311E26A0A200CE23B4 /* Info.plist */,
			);
			path = RutgersSustainabilityUITests;
			sourceTree = "<group>";
		};
/* End PBXGroup section */

/* Begin PBXNativeTarget section */
		A822A00B1E26A0A100CE23B4 /* RutgersSustainability */ = {
			isa = PBXNativeTarget;
			buildConfigurationList = A822A0341E26A0A200CE23B4 /* Build configuration list for PBXNativeTarget "RutgersSustainability" */;
			buildPhases = (
				A822A0081E26A0A100CE23B4 /* Sources */,
				A822A0091E26A0A100CE23B4 /* Frameworks */,
				A822A00A1E26A0A100CE23B4 /* Resources */,
			);
			buildRules = (
			);
			dependencies = (
			);
			name = RutgersSustainability;
			productName = RutgersSustainability;
			productReference = A822A00C1E26A0A200CE23B4 /* RutgersSustainability.app */;
			productType = "com.apple.product-type.application";
		};
		A822A01F1E26A0A200CE23B4 /* RutgersSustainabilityTests */ = {
			isa = PBXNativeTarget;
			buildConfigurationList = A822A0371E26A0A200CE23B4 /* Build configuration list for PBXNativeTarget "RutgersSustainabilityTests" */;
			buildPhases = (
				A822A01C1E26A0A200CE23B4 /* Sources */,
				A822A01D1E26A0A200CE23B4 /* Frameworks */,
				A822A01E1E26A0A200CE23B4 /* Resources */,
			);
			buildRules = (
			);
			dependencies = (
				A822A0221E26A0A200CE23B4 /* PBXTargetDependency */,
			);
			name = RutgersSustainabilityTests;
			productName = RutgersSustainabilityTests;
			productReference = A822A0201E26A0A200CE23B4 /* RutgersSustainabilityTests.xctest */;
			productType = "com.apple.product-type.bundle.unit-test";
		};
		A822A02A1E26A0A200CE23B4 /* RutgersSustainabilityUITests */ = {
			isa = PBXNativeTarget;
			buildConfigurationList = A822A03A1E26A0A200CE23B4 /* Build configuration list for PBXNativeTarget "RutgersSustainabilityUITests" */;
			buildPhases = (
				A822A0271E26A0A200CE23B4 /* Sources */,
				A822A0281E26A0A200CE23B4 /* Frameworks */,
				A822A0291E26A0A200CE23B4 /* Resources */,
			);
			buildRules = (
			);
			dependencies = (
				A822A02D1E26A0A200CE23B4 /* PBXTargetDependency */,
			);
			name = RutgersSustainabilityUITests;
			productName = RutgersSustainabilityUITests;
			productReference = A822A02B1E26A0A200CE23B4 /* RutgersSustainabilityUITests.xctest */;
			productType = "com.apple.product-type.bundle.ui-testing";
		};
/* End PBXNativeTarget section */

/* Begin PBXProject section */
		A822A0041E26A0A100CE23B4 /* Project object */ = {
			isa = PBXProject;
			attributes = {
				LastSwiftUpdateCheck = 0820;
				LastUpgradeCheck = 0820;
				ORGANIZATIONNAME = "Rutgers Sustainability Project";
				TargetAttributes = {
					A822A00B1E26A0A100CE23B4 = {
						CreatedOnToolsVersion = 8.2.1;
						DevelopmentTeam = G3C7HTN75X;
						ProvisioningStyle = Automatic;
					};
					A822A01F1E26A0A200CE23B4 = {
						CreatedOnToolsVersion = 8.2.1;
						ProvisioningStyle = Automatic;
						TestTargetID = A822A00B1E26A0A100CE23B4;
					};
					A822A02A1E26A0A200CE23B4 = {
						CreatedOnToolsVersion = 8.2.1;
						ProvisioningStyle = Automatic;
						TestTargetID = A822A00B1E26A0A100CE23B4;
					};
				};
			};
			buildConfigurationList = A822A0071E26A0A100CE23B4 /* Build configuration list for PBXProject "RutgersSustainability" */;
			compatibilityVersion = "Xcode 3.2";
			developmentRegion = English;
			hasScannedForEncodings = 0;
			knownRegions = (
				en,
				Base,
			);
			mainGroup = A822A0031E26A0A100CE23B4;
			productRefGroup = A822A00D1E26A0A200CE23B4 /* Products */;
			projectDirPath = "";
			projectRoot = "";
			targets = (
				A822A00B1E26A0A100CE23B4 /* RutgersSustainability */,
				A822A01F1E26A0A200CE23B4 /* RutgersSustainabilityTests */,
				A822A02A1E26A0A200CE23B4 /* RutgersSustainabilityUITests */,
			);
		};
/* End PBXProject section */

/* Begin PBXResourcesBuildPhase section */
		A822A00A1E26A0A100CE23B4 /* Resources */ = {
			isa = PBXResourcesBuildPhase;
			buildActionMask = 2147483647;
			files = (
				A822A01A1E26A0A200CE23B4 /* LaunchScreen.storyboard in Resources */,
				A822A0171E26A0A200CE23B4 /* Assets.xcassets in Resources */,
				A822A0151E26A0A200CE23B4 /* Main.storyboard in Resources */,
			);
			runOnlyForDeploymentPostprocessing = 0;
		};
		A822A01E1E26A0A200CE23B4 /* Resources */ = {
			isa = PBXResourcesBuildPhase;
			buildActionMask = 2147483647;
			files = (
			);
			runOnlyForDeploymentPostprocessing = 0;
		};
		A822A0291E26A0A200CE23B4 /* Resources */ = {
			isa = PBXResourcesBuildPhase;
			buildActionMask = 2147483647;
			files = (
			);
			runOnlyForDeploymentPostprocessing = 0;
		};
/* End PBXResourcesBuildPhase section */

/* Begin PBXSourcesBuildPhase section */
		A822A0081E26A0A100CE23B4 /* Sources */ = {
			isa = PBXSourcesBuildPhase;
			buildActionMask = 2147483647;
			files = (
				A822A0121E26A0A200CE23B4 /* ViewController.swift in Sources */,
				A822A0101E26A0A200CE23B4 /* AppDelegate.swift in Sources */,
			);
			runOnlyForDeploymentPostprocessing = 0;
		};
		A822A01C1E26A0A200CE23B4 /* Sources */ = {
			isa = PBXSourcesBuildPhase;
			buildActionMask = 2147483647;
			files = (
				A822A0251E26A0A200CE23B4 /* RutgersSustainabilityTests.swift in Sources */,
			);
			runOnlyForDeploymentPostprocessing = 0;
		};
		A822A0271E26A0A200CE23B4 /* Sources */ = {
			isa = PBXSourcesBuildPhase;
			buildActionMask = 2147483647;
			files = (
				A822A0301E26A0A200CE23B4 /* RutgersSustainabilityUITests.swift in Sources */,
			);
			runOnlyForDeploymentPostprocessing = 0;
		};
/* End PBXSourcesBuildPhase section */

/* Begin PBXTargetDependency section */
		A822A0221E26A0A200CE23B4 /* PBXTargetDependency */ = {
			isa = PBXTargetDependency;
			target = A822A00B1E26A0A100CE23B4 /* RutgersSustainability */;
			targetProxy = A822A0211E26A0A200CE23B4 /* PBXContainerItemProxy */;
		};
		A822A02D1E26A0A200CE23B4 /* PBXTargetDependency */ = {
			isa = PBXTargetDependency;
			target = A822A00B1E26A0A100CE23B4 /* RutgersSustainability */;
			targetProxy = A822A02C1E26A0A200CE23B4 /* PBXContainerItemProxy */;
		};
/* End PBXTargetDependency section */

/* Begin PBXVariantGroup section */
		A822A0131E26A0A200CE23B4 /* Main.storyboard */ = {
			isa = PBXVariantGroup;
			children = (
				A822A0141E26A0A200CE23B4 /* Base */,
			);
			name = Main.storyboard;
			sourceTree = "<group>";
		};
		A822A0181E26A0A200CE23B4 /* LaunchScreen.storyboard */ = {
			isa = PBXVariantGroup;
			children = (
				A822A0191E26A0A200CE23B4 /* Base */,
			);
			name = LaunchScreen.storyboard;
			sourceTree = "<group>";
		};
/* End PBXVariantGroup section */

/* Begin XCBuildConfiguration section */
		A822A0321E26A0A200CE23B4 /* Debug */ = {
			isa = XCBuildConfiguration;
			buildSettings = {
				ALWAYS_SEARCH_USER_PATHS = NO;
				CLANG_ANALYZER_NONNULL = YES;
				CLANG_CXX_LANGUAGE_STANDARD = "gnu++0x";
				CLANG_CXX_LIBRARY = "libc++";
				CLANG_ENABLE_MODULES = YES;
				CLANG_ENABLE_OBJC_ARC = YES;
				CLANG_WARN_BOOL_CONVERSION = YES;
				CLANG_WARN_CONSTANT_CONVERSION = YES;
				CLANG_WARN_DIRECT_OBJC_ISA_USAGE = YES_ERROR;
				CLANG_WARN_DOCUMENTATION_COMMENTS = YES;
				CLANG_WARN_EMPTY_BODY = YES;
				CLANG_WARN_ENUM_CONVERSION = YES;
				CLANG_WARN_INFINITE_RECURSION = YES;
				CLANG_WARN_INT_CONVERSION = YES;
				CLANG_WARN_OBJC_ROOT_CLASS = YES_ERROR;
				CLANG_WARN_SUSPICIOUS_MOVE = YES;
				CLANG_WARN_UNREACHABLE_CODE = YES;
				CLANG_WARN__DUPLICATE_METHOD_MATCH = YES;
				"CODE_SIGN_IDENTITY[sdk=iphoneos*]" = "iPhone Developer";
				COPY_PHASE_STRIP = NO;
				DEBUG_INFORMATION_FORMAT = dwarf;
				ENABLE_STRICT_OBJC_MSGSEND = YES;
				ENABLE_TESTABILITY = YES;
				GCC_C_LANGUAGE_STANDARD = gnu99;
				GCC_DYNAMIC_NO_PIC = NO;
				GCC_NO_COMMON_BLOCKS = YES;
				GCC_OPTIMIZATION_LEVEL = 0;
				GCC_PREPROCESSOR_DEFINITIONS = (
					"DEBUG=1",
					"$(inherited)",
				);
				GCC_WARN_64_TO_32_BIT_CONVERSION = YES;
				GCC_WARN_ABOUT_RETURN_TYPE = YES_ERROR;
				GCC_WARN_UNDECLARED_SELECTOR = YES;
				GCC_WARN_UNINITIALIZED_AUTOS = YES_AGGRESSIVE;
				GCC_WARN_UNUSED_FUNCTION = YES;
				GCC_WARN_UNUSED_VARIABLE = YES;
				IPHONEOS_DEPLOYMENT_TARGET = 10.2;
				MTL_ENABLE_DEBUG_INFO = YES;
				ONLY_ACTIVE_ARCH = YES;
				SDKROOT = iphoneos;
				SWIFT_ACTIVE_COMPILATION_CONDITIONS = DEBUG;
				SWIFT_OPTIMIZATION_LEVEL = "-Onone";
			};
			name = Debug;
		};
		A822A0331E26A0A200CE23B4 /* Release */ = {
			isa = XCBuildConfiguration;
			buildSettings = {
				ALWAYS_SEARCH_USER_PATHS = NO;
				CLANG_ANALYZER_NONNULL = YES;
				CLANG_CXX_LANGUAGE_STANDARD = "gnu++0x";
				CLANG_CXX_LIBRARY = "libc++";
				CLANG_ENABLE_MODULES = YES;
				CLANG_ENABLE_OBJC_ARC = YES;
				CLANG_WARN_BOOL_CONVERSION = YES;
				CLANG_WARN_CONSTANT_CONVERSION = YES;
				CLANG_WARN_DIRECT_OBJC_ISA_USAGE = YES_ERROR;
				CLANG_WARN_DOCUMENTATION_COMMENTS = YES;
				CLANG_WARN_EMPTY_BODY = YES;
				CLANG_WARN_ENUM_CONVERSION = YES;
				CLANG_WARN_INFINITE_RECURSION = YES;
				CLANG_WARN_INT_CONVERSION = YES;
				CLANG_WARN_OBJC_ROOT_CLASS = YES_ERROR;
				CLANG_WARN_SUSPICIOUS_MOVE = YES;
				CLANG_WARN_UNREACHABLE_CODE = YES;
				CLANG_WARN__DUPLICATE_METHOD_MATCH = YES;
				"CODE_SIGN_IDENTITY[sdk=iphoneos*]" = "iPhone Developer";
				COPY_PHASE_STRIP = NO;
				DEBUG_INFORMATION_FORMAT = "dwarf-with-dsym";
				ENABLE_NS_ASSERTIONS = NO;
				ENABLE_STRICT_OBJC_MSGSEND = YES;
				GCC_C_LANGUAGE_STANDARD = gnu99;
				GCC_NO_COMMON_BLOCKS = YES;
				GCC_WARN_64_TO_32_BIT_CONVERSION = YES;
				GCC_WARN_ABOUT_RETURN_TYPE = YES_ERROR;
				GCC_WARN_UNDECLARED_SELECTOR = YES;
				GCC_WARN_UNINITIALIZED_AUTOS = YES_AGGRESSIVE;
				GCC_WARN_UNUSED_FUNCTION = YES;
				GCC_WARN_UNUSED_VARIABLE = YES;
				IPHONEOS_DEPLOYMENT_TARGET = 10.2;
				MTL_ENABLE_DEBUG_INFO = NO;
				SDKROOT = iphoneos;
				SWIFT_OPTIMIZATION_LEVEL = "-Owholemodule";
				VALIDATE_PRODUCT = YES;
			};
			name = Release;
		};
		A822A0351E26A0A200CE23B4 /* Debug */ = {
			isa = XCBuildConfiguration;
			buildSettings = {
				ASSETCATALOG_COMPILER_APPICON_NAME = AppIcon;
				"CODE_SIGN_IDENTITY[sdk=iphoneos*]" = "iPhone Developer";
				DEVELOPMENT_TEAM = G3C7HTN75X;
				INFOPLIST_FILE = RutgersSustainability/Info.plist;
				LD_RUNPATH_SEARCH_PATHS = "$(inherited) @executable_path/Frameworks";
				PRODUCT_BUNDLE_IDENTIFIER = com.Rutgers.RutgersSustainability;
				PRODUCT_NAME = "$(TARGET_NAME)";
				SWIFT_VERSION = 3.0;
			};
			name = Debug;
		};
		A822A0361E26A0A200CE23B4 /* Release */ = {
			isa = XCBuildConfiguration;
			buildSettings = {
				ASSETCATALOG_COMPILER_APPICON_NAME = AppIcon;
				"CODE_SIGN_IDENTITY[sdk=iphoneos*]" = "iPhone Developer";
				DEVELOPMENT_TEAM = G3C7HTN75X;
				INFOPLIST_FILE = RutgersSustainability/Info.plist;
				LD_RUNPATH_SEARCH_PATHS = "$(inherited) @executable_path/Frameworks";
				PRODUCT_BUNDLE_IDENTIFIER = com.Rutgers.RutgersSustainability;
				PRODUCT_NAME = "$(TARGET_NAME)";
				SWIFT_VERSION = 3.0;
			};
			name = Release;
		};
		A822A0381E26A0A200CE23B4 /* Debug */ = {
			isa = XCBuildConfiguration;
			buildSettings = {
				ALWAYS_EMBED_SWIFT_STANDARD_LIBRARIES = YES;
				BUNDLE_LOADER = "$(TEST_HOST)";
				INFOPLIST_FILE = RutgersSustainabilityTests/Info.plist;
				LD_RUNPATH_SEARCH_PATHS = "$(inherited) @executable_path/Frameworks @loader_path/Frameworks";
				PRODUCT_BUNDLE_IDENTIFIER = com.Rutgers.RutgersSustainabilityTests;
				PRODUCT_NAME = "$(TARGET_NAME)";
				SWIFT_VERSION = 3.0;
				TEST_HOST = "$(BUILT_PRODUCTS_DIR)/RutgersSustainability.app/RutgersSustainability";
			};
			name = Debug;
		};
		A822A0391E26A0A200CE23B4 /* Release */ = {
			isa = XCBuildConfiguration;
			buildSettings = {
				ALWAYS_EMBED_SWIFT_STANDARD_LIBRARIES = YES;
				BUNDLE_LOADER = "$(TEST_HOST)";
				INFOPLIST_FILE = RutgersSustainabilityTests/Info.plist;
				LD_RUNPATH_SEARCH_PATHS = "$(inherited) @executable_path/Frameworks @loader_path/Frameworks";
				PRODUCT_BUNDLE_IDENTIFIER = com.Rutgers.RutgersSustainabilityTests;
				PRODUCT_NAME = "$(TARGET_NAME)";
				SWIFT_VERSION = 3.0;
				TEST_HOST = "$(BUILT_PRODUCTS_DIR)/RutgersSustainability.app/RutgersSustainability";
			};
			name = Release;
		};
		A822A03B1E26A0A200CE23B4 /* Debug */ = {
			isa = XCBuildConfiguration;
			buildSettings = {
				ALWAYS_EMBED_SWIFT_STANDARD_LIBRARIES = YES;
				INFOPLIST_FILE = RutgersSustainabilityUITests/Info.plist;
				LD_RUNPATH_SEARCH_PATHS = "$(inherited) @executable_path/Frameworks @loader_path/Frameworks";
				PRODUCT_BUNDLE_IDENTIFIER = com.Rutgers.RutgersSustainabilityUITests;
				PRODUCT_NAME = "$(TARGET_NAME)";
				SWIFT_VERSION = 3.0;
				TEST_TARGET_NAME = RutgersSustainability;
			};
			name = Debug;
		};
		A822A03C1E26A0A200CE23B4 /* Release */ = {
			isa = XCBuildConfiguration;
			buildSettings = {
				ALWAYS_EMBED_SWIFT_STANDARD_LIBRARIES = YES;
				INFOPLIST_FILE = RutgersSustainabilityUITests/Info.plist;
				LD_RUNPATH_SEARCH_PATHS = "$(inherited) @executable_path/Frameworks @loader_path/Frameworks";
				PRODUCT_BUNDLE_IDENTIFIER = com.Rutgers.RutgersSustainabilityUITests;
				PRODUCT_NAME = "$(TARGET_NAME)";
				SWIFT_VERSION = 3.0;
				TEST_TARGET_NAME = RutgersSustainability;
			};
			name = Release;
		};
/* End XCBuildConfiguration section */

/* Begin XCConfigurationList section */
		A822A0071E26A0A100CE23B4 /* Build configuration list for PBXProject "RutgersSustainability" */ = {
			isa = XCConfigurationList;
			buildConfigurations = (
				A822A0321E26A0A200CE23B4 /* Debug */,
				A822A0331E26A0A200CE23B4 /* Release */,
			);
			defaultConfigurationIsVisible = 0;
			defaultConfigurationName = Release;
		};
		A822A0341E26A0A200CE23B4 /* Build configuration list for PBXNativeTarget "RutgersSustainability" */ = {
			isa = XCConfigurationList;
			buildConfigurations = (
				A822A0351E26A0A200CE23B4 /* Debug */,
				A822A0361E26A0A200CE23B4 /* Release */,
			);
			defaultConfigurationIsVisible = 0;
			defaultConfigurationName = Release;
		};
		A822A0371E26A0A200CE23B4 /* Build configuration list for PBXNativeTarget "RutgersSustainabilityTests" */ = {
			isa = XCConfigurationList;
			buildConfigurations = (
				A822A0381E26A0A200CE23B4 /* Debug */,
				A822A0391E26A0A200CE23B4 /* Release */,
			);
			defaultConfigurationIsVisible = 0;
			defaultConfigurationName = Release;
		};
		A822A03A1E26A0A200CE23B4 /* Build configuration list for PBXNativeTarget "RutgersSustainabilityUITests" */ = {
			isa = XCConfigurationList;
			buildConfigurations = (
				A822A03B1E26A0A200CE23B4 /* Debug */,
				A822A03C1E26A0A200CE23B4 /* Release */,
			);
			defaultConfigurationIsVisible = 0;
			defaultConfigurationName = Release;
		};
/* End XCConfigurationList section */
	};
	rootObject = A822A0041E26A0A100CE23B4 /* Project object */;
}
